
Microsoft Visual Studio Solution File, Format Version 12.00
# Visual Studio Version 17
VisualStudioVersion = 17.14.36603.0 d17.14
MinimumVisualStudioVersion = 10.0.40219.1
Project("{FAE04EC0-301F-11D3-BF4B-00C04F79EFBC}") = "tModLoaderAutoJoinTeam", "tModLoaderAutoJoinTeam.csproj", "{2EBADAAD-AD5D-D729-4041-2E7D8A09B6AA}"
EndProject
Global
	GlobalSection(SolutionConfigurationPlatforms) = preSolution
		Debug|Any CPU = Debug|Any CPU
		Release|Any CPU = Release|Any CPU
	EndGlobalSection
	GlobalSection(ProjectConfigurationPlatforms) = postSolution
		{2EBADAAD-AD5D-D729-4041-2E7D8A09B6AA}.Debug|Any CPU.ActiveCfg = Debug|Any CPU
		{2EBADAAD-AD5D-D729-4041-2E7D8A09B6AA}.Debug|Any CPU.Build.0 = Debug|Any CPU
		{2EBADAAD-AD5D-D729-4041-2E7D8A09B6AA}.Release|Any CPU.ActiveCfg = Release|Any CPU
		{2EBADAAD-AD5D-D729-4041-2E7D8A09B6AA}.Release|Any CPU.Build.0 = Release|Any CPU
	EndGlobalSection
	GlobalSection(SolutionProperties) = preSolution
		HideSolutionNode = FALSE
	EndGlobalSection
	GlobalSection(ExtensibilityGlobals) = postSolution
		SolutionGuid = {513A65D6-C953-4A1A-85FD-EAB40E15757E}
	EndGlobalSection
EndGlobal
